name: Temporary artwork studio scroll lock patch

on:
  push:
    branches:
      - main
    paths:
      - '.github/tmp-artwork-studio-scroll-lock-trigger'

permissions:
  contents: write

jobs:
  patch:
    runs-on: ubuntu-latest

    steps:
      - uses: actions/checkout@v4
        with:
          fetch-depth: 0

      - name: Patch current main
        shell: bash
        run: |
          set -euo pipefail

          git fetch origin main
          git checkout main
          git reset --hard origin/main

          python <<'PY'
          import base64
          from pathlib import Path

          path = Path('compass/index.html')
          text = path.read_text()

          replacements = [
              (
                  'ICAgICAgLnN1YmplY3QtYXJ0d29yay1zdHVkaW8tYmFja2Ryb3AgewogICAgICAgIGRpc3BsYXk6IGJsb2NrOwogICAgICAgIHBhZGRpbmc6IDA7CiAgICAgICAgYmFja2dyb3VuZDogdmFyKC0tc3VyZmFjZS1wYW5lbCk7CiAgICAgICAgYmFja2Ryb3AtZmlsdGVyOiBub25lOwogICAgICB9CgogICAgICAuc3ViamVjdC1hcnR3b3JrLXN0dWRpbyB7CiAgICAgICAgd2lkdGg6IDEwMHZ3OwogICAgICAgIGhlaWdodDogMTAwZHZoOwogICAgICAgIG1heC1oZWlnaHQ6IDEwMGR2aDsKICAgICAgICBib3JkZXI6IDA7CiAgICAgICAgYm9yZGVyLXJhZGl1czogMDsKICAgICAgICBib3gtc2hhZG93OiBub25lOwogICAgICB9CgogICAgICAuc3ViamVjdC1hcnR3b3JrLXN0dWRpby1oZWFkIHsKICAgICAgICBwYWRkaW5nOgogICAgICAgICAgY2FsYygwLjk1cmVtICsgZW52KHNhZmUtYXJlYS1pbnNldC10b3AsIDBweCkpCiAgICAgICAgICAxcmVtCiAgICAgICAgICAwOwogICAgICB9Cg==',
                  'ICAgICAgLnN1YmplY3QtYXJ0d29yay1zdHVkaW8tYmFja2Ryb3AgewogICAgICAgIGRpc3BsYXk6IGJsb2NrOwogICAgICAgIG92ZXJmbG93OiBoaWRkZW47CiAgICAgICAgcGFkZGluZzogMDsKICAgICAgICBiYWNrZ3JvdW5kOiB2YXIoLS1zdXJmYWNlLXBhbmVsKTsKICAgICAgICBiYWNrZHJvcC1maWx0ZXI6IG5vbmU7CiAgICAgICAgb3ZlcnNjcm9sbC1iZWhhdmlvcjogbm9uZTsKICAgICAgfQoKICAgICAgLnN1YmplY3QtYXJ0d29yay1zdHVkaW8gewogICAgICAgIGRpc3BsYXk6IGZsZXg7CiAgICAgICAgZmxleC1kaXJlY3Rpb246IGNvbHVtbjsKICAgICAgICB3aWR0aDogMTAwdnc7CiAgICAgICAgaGVpZ2h0OiAxMDBkdmg7CiAgICAgICAgbWF4LWhlaWdodDogMTAwZHZoOwogICAgICAgIG92ZXJmbG93OiBoaWRkZW47CiAgICAgICAgYm9yZGVyOiAwOwogICAgICAgIGJvcmRlci1yYWRpdXM6IDA7CiAgICAgICAgYm94LXNoYWRvdzogbm9uZTsKICAgICAgICBvdmVyc2Nyb2xsLWJlaGF2aW9yOiBub25lOwogICAgICB9CgogICAgICAuc3ViamVjdC1hcnR3b3JrLXN0dWRpby1oZWFkIHsKICAgICAgICBmbGV4OiAwIDAgYXV0bzsKICAgICAgICBwYWRkaW5nOgogICAgICAgICAgY2FsYygwLjk1cmVtICsgZW52KHNhZmUtYXJlYS1pbnNldC10b3AsIDBweCkpCiAgICAgICAgICAxcmVtCiAgICAgICAgICAwOwogICAgICB9Cg=='
              ),
              (
                  'ICAgICAgLnN1YmplY3QtYXJ0d29yay1zdHVkaW8tYm9keSB7CiAgICAgICAgZGlzcGxheTogZmxleDsKICAgICAgICBmbGV4LWRpcmVjdGlvbjogY29sdW1uOwogICAgICAgIGdhcDogMC43MnJlbTsKICAgICAgICBwYWRkaW5nOiAwLjlyZW0gMXJlbTsKICAgICAgfQo=',
                  'ICAgICAgLnN1YmplY3QtYXJ0d29yay1zdHVkaW8tYm9keSB7CiAgICAgICAgZGlzcGxheTogZmxleDsKICAgICAgICBmbGV4OiAxIDEgYXV0bzsKICAgICAgICBmbGV4LWRpcmVjdGlvbjogY29sdW1uOwogICAgICAgIG1pbi1oZWlnaHQ6IDA7CiAgICAgICAgZ2FwOiAwLjcycmVtOwogICAgICAgIG92ZXJmbG93LXk6IGF1dG87CiAgICAgICAgcGFkZGluZzogMC45cmVtIDFyZW07CiAgICAgICAgb3ZlcnNjcm9sbC1iZWhhdmlvcjogY29udGFpbjsKICAgICAgICAtd2Via2l0LW92ZXJmbG93LXNjcm9sbGluZzogdG91Y2g7CiAgICAgIH0K'
              ),
              (
                  'ICAgICAgLnN1YmplY3QtYXJ0d29yay1zdHVkaW8tY29udHJvbHMgewogICAgICAgIGRpc3BsYXk6IGNvbnRlbnRzOwogICAgICB9Cg==',
                  'ICAgICAgLnN1YmplY3QtYXJ0d29yay1zdHVkaW8tY29udHJvbHMgewogICAgICAgIGRpc3BsYXk6IGNvbnRlbnRzOwogICAgICB9CgogICAgICAuc3ViamVjdC1hcnR3b3JrLXN0dWRpby1hY3Rpb25zIHsKICAgICAgICBwb3NpdGlvbjogc3RhdGljOwogICAgICAgIGZsZXg6IDAgMCBhdXRvOwogICAgICB9Cg=='
              )
          ]

          for old_b64, new_b64 in replacements:
              old = base64.b64decode(old_b64).decode('utf-8')
              new = base64.b64decode(new_b64).decode('utf-8')
              count = text.count(old)
              if count != 1:
                  raise SystemExit(f'expected 1 exact match, found {count}')
              text = text.replace(old, new, 1)

          path.write_text(text)
          PY

          rm .github/workflows/tmp-artwork-studio-scroll-lock.yml
          rm .github/tmp-artwork-studio-scroll-lock-trigger

          git config user.name "Atlas patch bot"
          git config user.email "actions@users.noreply.github.com"
          git add compass/index.html .github/workflows/tmp-artwork-studio-scroll-lock.yml .github/tmp-artwork-studio-scroll-lock-trigger
          git commit -m "Lock artwork studio shell on phones"
          git push origin main
